
Microsoft Visual Studio Solution File, Format Version 12.00
# Visual Studio 15
VisualStudioVersion = 15.0.26621.2
MinimumVisualStudioVersion = 10.0.40219.1
Project("{FAE04EC0-301F-11D3-BF4B-00C04F79EFBC}") = "MSWatchDog", "MSWatchDog\MSWatchDog.csproj", "{AA96F282-88C4-44E1-AB12-8DA6E5B8F584}"
EndProject
Project("{FAE04EC0-301F-11D3-BF4B-00C04F79EFBC}") = "MSWatchDog.Service", "MSWatchDog.Service\MSWatchDog.Service.csproj", "{AEA87E37-411B-43B1-8067-A7631444F892}"
EndProject
Project("{FAE04EC0-301F-11D3-BF4B-00C04F79EFBC}") = "MSWatchDog.Client", "MSWatchDog.Client\MSWatchDog.Client.csproj", "{D3EAF381-5A7B-4FEF-B5BC-F62D0A778D8B}"
EndProject
Project("{FAE04EC0-301F-11D3-BF4B-00C04F79EFBC}") = "MSWatchDog.AzureFunctions", "MSWatchDog.AzureFunctions\MSWatchDog.AzureFunctions.csproj", "{C34D4E9E-5510-41C9-B852-1836B20F3161}"
EndProject
Global
	GlobalSection(SolutionConfigurationPlatforms) = preSolution
		Debug|Any CPU = Debug|Any CPU
		Release|Any CPU = Release|Any CPU
	EndGlobalSection
	GlobalSection(ProjectConfigurationPlatforms) = postSolution
		{AA96F282-88C4-44E1-AB12-8DA6E5B8F584}.Debug|Any CPU.ActiveCfg = Debug|Any CPU
		{AA96F282-88C4-44E1-AB12-8DA6E5B8F584}.Debug|Any CPU.Build.0 = Debug|Any CPU
		{AA96F282-88C4-44E1-AB12-8DA6E5B8F584}.Release|Any CPU.ActiveCfg = Release|Any CPU
		{AA96F282-88C4-44E1-AB12-8DA6E5B8F584}.Release|Any CPU.Build.0 = Release|Any CPU
		{AEA87E37-411B-43B1-8067-A7631444F892}.Debug|Any CPU.ActiveCfg = Debug|Any CPU
		{AEA87E37-411B-43B1-8067-A7631444F892}.Debug|Any CPU.Build.0 = Debug|Any CPU
		{AEA87E37-411B-43B1-8067-A7631444F892}.Release|Any CPU.ActiveCfg = Release|Any CPU
		{AEA87E37-411B-43B1-8067-A7631444F892}.Release|Any CPU.Build.0 = Release|Any CPU
		{D3EAF381-5A7B-4FEF-B5BC-F62D0A778D8B}.Debug|Any CPU.ActiveCfg = Debug|Any CPU
		{D3EAF381-5A7B-4FEF-B5BC-F62D0A778D8B}.Debug|Any CPU.Build.0 = Debug|Any CPU
		{D3EAF381-5A7B-4FEF-B5BC-F62D0A778D8B}.Release|Any CPU.ActiveCfg = Release|Any CPU
		{D3EAF381-5A7B-4FEF-B5BC-F62D0A778D8B}.Release|Any CPU.Build.0 = Release|Any CPU
		{C34D4E9E-5510-41C9-B852-1836B20F3161}.Debug|Any CPU.ActiveCfg = Debug|Any CPU
		{C34D4E9E-5510-41C9-B852-1836B20F3161}.Debug|Any CPU.Build.0 = Debug|Any CPU
		{C34D4E9E-5510-41C9-B852-1836B20F3161}.Release|Any CPU.ActiveCfg = Release|Any CPU
		{C34D4E9E-5510-41C9-B852-1836B20F3161}.Release|Any CPU.Build.0 = Release|Any CPU
	EndGlobalSection
	GlobalSection(SolutionProperties) = preSolution
		HideSolutionNode = FALSE
	EndGlobalSection
	GlobalSection(ExtensibilityGlobals) = postSolution
		SolutionGuid = {7E277366-CFF9-4929-8D93-BFC513D74F2E}
	EndGlobalSection
EndGlobal
